
Microsoft Visual Studio Solution File, Format Version 12.00
# Visual Studio 15
Project("{FAE04EC0-301F-11D3-BF4B-00C04F79EFBC}") = "Assembly-CSharp", "Assembly-CSharp.csproj", "{AE565E27-C1B0-79C5-BF1D-BC3BFA29C846}"
EndProject
Project("{FAE04EC0-301F-11D3-BF4B-00C04F79EFBC}") = "TensorFlowLite", "TensorFlowLite.csproj", "{B0602E7C-382F-9516-7496-4AEA73889F1F}"
EndProject
Global
	GlobalSection(SolutionConfigurationPlatforms) = preSolution
		Debug|Any CPU = Debug|Any CPU
		Release|Any CPU = Release|Any CPU
	EndGlobalSection
	GlobalSection(ProjectConfigurationPlatforms) = postSolution
		{AE565E27-C1B0-79C5-BF1D-BC3BFA29C846}.Debug|Any CPU.ActiveCfg = Debug|Any CPU
		{AE565E27-C1B0-79C5-BF1D-BC3BFA29C846}.Debug|Any CPU.Build.0 = Debug|Any CPU
		{AE565E27-C1B0-79C5-BF1D-BC3BFA29C846}.Release|Any CPU.ActiveCfg = Release|Any CPU
		{AE565E27-C1B0-79C5-BF1D-BC3BFA29C846}.Release|Any CPU.Build.0 = Release|Any CPU
		{B0602E7C-382F-9516-7496-4AEA73889F1F}.Debug|Any CPU.ActiveCfg = Debug|Any CPU
		{B0602E7C-382F-9516-7496-4AEA73889F1F}.Debug|Any CPU.Build.0 = Debug|Any CPU
		{B0602E7C-382F-9516-7496-4AEA73889F1F}.Release|Any CPU.ActiveCfg = Release|Any CPU
		{B0602E7C-382F-9516-7496-4AEA73889F1F}.Release|Any CPU.Build.0 = Release|Any CPU
	EndGlobalSection
	GlobalSection(SolutionProperties) = preSolution
		HideSolutionNode = FALSE
	EndGlobalSection
EndGlobal
